
Microsoft Visual Studio Solution File, Format Version 12.00
# Visual Studio Version 16
VisualStudioVersion = 16.0.31729.503
MinimumVisualStudioVersion = 10.0.40219.1
Project("{FAE04EC0-301F-11D3-BF4B-00C04F79EFBC}") = "İkiliağaç yapısı projesi", "İkiliağaç yapısı projesi\İkiliağaç yapısı projesi.csproj", "{1443D4FA-8360-4542-8D07-A35280824CB5}"
EndProject
Global
	GlobalSection(SolutionConfigurationPlatforms) = preSolution
		Debug|Any CPU = Debug|Any CPU
		Release|Any CPU = Release|Any CPU
	EndGlobalSection
	GlobalSection(ProjectConfigurationPlatforms) = postSolution
		{1443D4FA-8360-4542-8D07-A35280824CB5}.Debug|Any CPU.ActiveCfg = Debug|Any CPU
		{1443D4FA-8360-4542-8D07-A35280824CB5}.Debug|Any CPU.Build.0 = Debug|Any CPU
		{1443D4FA-8360-4542-8D07-A35280824CB5}.Release|Any CPU.ActiveCfg = Release|Any CPU
		{1443D4FA-8360-4542-8D07-A35280824CB5}.Release|Any CPU.Build.0 = Release|Any CPU
	EndGlobalSection
	GlobalSection(SolutionProperties) = preSolution
		HideSolutionNode = FALSE
	EndGlobalSection
	GlobalSection(ExtensibilityGlobals) = postSolution
		SolutionGuid = {A0770995-8BCA-4EC3-9874-2506A6367A18}
	EndGlobalSection
EndGlobal
